// !$*UTF8*$!
{
	archiveVersion = 1;
	classes = {
	};
	objectVersion = 77;
	objects = {

/* Begin PBXBuildFile section */
		E663BDB72D5AD6E80030617C /* FirebaseAnalytics in Frameworks */ = {isa = PBXBuildFile; productRef = E663BDB62D5AD6E80030617C /* FirebaseAnalytics */; };
		E663BDB92D5AD6E80030617C /* FirebaseAuth in Frameworks */ = {isa = PBXBuildFile; productRef = E663BDB82D5AD6E80030617C /* FirebaseAuth */; };
		E663BDBB2D5AD6E80030617C /* FirebaseCrashlytics in Frameworks */ = {isa = PBXBuildFile; productRef = E663BDBA2D5AD6E80030617C /* FirebaseCrashlytics */; };
		E663BDBD2D5AD6E80030617C /* FirebaseFirestore in Frameworks */ = {isa = PBXBuildFile; productRef = E663BDBC2D5AD6E80030617C /* FirebaseFirestore */; };
		E663BDBF2D5AD6E80030617C /* FirebaseStorage in Frameworks */ = {isa = PBXBuildFile; productRef = E663BDBE2D5AD6E80030617C /* FirebaseStorage */; };
		E663BDCD2D5AF21B0030617C /* GoogleSignIn in Frameworks */ = {isa = PBXBuildFile; productRef = E663BDCC2D5AF21B0030617C /* GoogleSignIn */; };
		E663BDCF2D5AF21B0030617C /* GoogleSignInSwift in Frameworks */ = {isa = PBXBuildFile; productRef = E663BDCE2D5AF21B0030617C /* GoogleSignInSwift */; };
		E663BDD52D5B153E0030617C /* Extensions.swift in Sources */ = {isa = PBXBuildFile; fileRef = E663BDD42D5B15280030617C /* Extensions.swift */; };
/* End PBXBuildFile section */

/* Begin PBXFileReference section */
		E663BDD42D5B15280030617C /* Extensions.swift */ = {isa = PBXFileReference; lastKnownFileType = sourcecode.swift; path = Extensions.swift; sourceTree = "<group>"; };
		E678A80E2D5AA644001075CE /* RoommateFinder.app */ = {isa = PBXFileReference; explicitFileType = wrapper.application; includeInIndex = 0; path = RoommateFinder.app; sourceTree = BUILT_PRODUCTS_DIR; };
/* End PBXFileReference section */

/* Begin PBXFileSystemSynchronizedBuildFileExceptionSet section */
		E663BDD12D5B02860030617C /* Exceptions for "RoommateFinder" folder in "RoommateFinder" target */ = {
			isa = PBXFileSystemSynchronizedBuildFileExceptionSet;
			membershipExceptions = (
				Info.plist,
			);
			target = E678A80D2D5AA644001075CE /* RoommateFinder */;
		};
/* End PBXFileSystemSynchronizedBuildFileExceptionSet section */

/* Begin PBXFileSystemSynchronizedRootGroup section */
		E678A8102D5AA644001075CE /* RoommateFinder */ = {
			isa = PBXFileSystemSynchronizedRootGroup;
			exceptions = (
				E663BDD12D5B02860030617C /* Exceptions for "RoommateFinder" folder in "RoommateFinder" target */,
			);
			path = RoommateFinder;
			sourceTree = "<group>";
		};
/* End PBXFileSystemSynchronizedRootGroup section */

/* Begin PBXFrameworksBuildPhase section */
		E678A80B2D5AA644001075CE /* Frameworks */ = {
			isa = PBXFrameworksBuildPhase;
			buildActionMask = 2147483647;
			files = (
				E663BDBB2D5AD6E80030617C /* FirebaseCrashlytics in Frameworks */,
				E663BDBD2D5AD6E80030617C /* FirebaseFirestore in Frameworks */,
				E663BDCF2D5AF21B0030617C /* GoogleSignInSwift in Frameworks */,
				E663BDB72D5AD6E80030617C /* FirebaseAnalytics in Frameworks */,
				E663BDBF2D5AD6E80030617C /* FirebaseStorage in Frameworks */,
				E663BDB92D5AD6E80030617C /* FirebaseAuth in Frameworks */,
				E663BDCD2D5AF21B0030617C /* GoogleSignIn in Frameworks */,
			);
			runOnlyForDeploymentPostprocessing = 0;
		};
/* End PBXFrameworksBuildPhase section */

/* Begin PBXGroup section */
		E678A8052D5AA644001075CE = {
			isa = PBXGroup;
			children = (
				E663BDD42D5B15280030617C /* Extensions.swift */,
				E678A8102D5AA644001075CE /* RoommateFinder */,
				E678A80F2D5AA644001075CE /* Products */,
			);
			sourceTree = "<group>";
		};
		E678A80F2D5AA644001075CE /* Products */ = {
			isa = PBXGroup;
			children = (
				E678A80E2D5AA644001075CE /* RoommateFinder.app */,
			);
			name = Products;
			sourceTree = "<group>";
		};
/* End PBXGroup section */

/* Begin PBXNativeTarget section */
		E678A80D2D5AA644001075CE /* RoommateFinder */ = {
			isa = PBXNativeTarget;
			buildConfigurationList = E678A8212D5AA645001075CE /* Build configuration list for PBXNativeTarget "RoommateFinder" */;
			buildPhases = (
				E678A80A2D5AA644001075CE /* Sources */,
				E678A80B2D5AA644001075CE /* Frameworks */,
				E678A80C2D5AA644001075CE /* Resources */,
			);
			buildRules = (
			);
			dependencies = (
			);
			fileSystemSynchronizedGroups = (
				E678A8102D5AA644001075CE /* RoommateFinder */,
			);
			name = RoommateFinder;
			packageProductDependencies = (
				E663BDB62D5AD6E80030617C /* FirebaseAnalytics */,
				E663BDB82D5AD6E80030617C /* FirebaseAuth */,
				E663BDBA2D5AD6E80030617C /* FirebaseCrashlytics */,
				E663BDBC2D5AD6E80030617C /* FirebaseFirestore */,
				E663BDBE2D5AD6E80030617C /* FirebaseStorage */,
				E663BDCC2D5AF21B0030617C /* GoogleSignIn */,
				E663BDCE2D5AF21B0030617C /* GoogleSignInSwift */,
			);
			productName = RoommateFinder;
			productReference = E678A80E2D5AA644001075CE /* RoommateFinder.app */;
			productType = "com.apple.product-type.application";
		};
/* End PBXNativeTarget section */

/* Begin PBXProject section */
		E678A8062D5AA644001075CE /* Project object */ = {
			isa = PBXProject;
			attributes = {
				BuildIndependentTargetsInParallel = 1;
				LastSwiftUpdateCheck = 1610;
				LastUpgradeCheck = 1610;
				TargetAttributes = {
					E678A80D2D5AA644001075CE = {
						CreatedOnToolsVersion = 16.1;
					};
				};
			};
			buildConfigurationList = E678A8092D5AA644001075CE /* Build configuration list for PBXProject "RoommateFinder" */;
			developmentRegion = en;
			hasScannedForEncodings = 0;
			knownRegions = (
				en,
				Base,
			);
			mainGroup = E678A8052D5AA644001075CE;
			minimizedProjectReferenceProxies = 1;
			packageReferences = (
				E663BDB52D5AD6E80030617C /* XCRemoteSwiftPackageReference "firebase-ios-sdk" */,
				E663BDCB2D5AF21B0030617C /* XCRemoteSwiftPackageReference "GoogleSignIn-iOS" */,
			);
			preferredProjectObjectVersion = 77;
			productRefGroup = E678A80F2D5AA644001075CE /* Products */;
			projectDirPath = "";
			projectRoot = "";
			targets = (
				E678A80D2D5AA644001075CE /* RoommateFinder */,
			);
		};
/* End PBXProject section */

/* Begin PBXResourcesBuildPhase section */
		E678A80C2D5AA644001075CE /* Resources */ = {
			isa = PBXResourcesBuildPhase;
			buildActionMask = 2147483647;
			files = (
			);
			runOnlyForDeploymentPostprocessing = 0;
		};
/* End PBXResourcesBuildPhase section */

/* Begin PBXSourcesBuildPhase section */
		E678A80A2D5AA644001075CE /* Sources */ = {
			isa = PBXSourcesBuildPhase;
			buildActionMask = 2147483647;
			files = (
				E663BDD52D5B153E0030617C /* Extensions.swift in Sources */,
			);
			runOnlyForDeploymentPostprocessing = 0;
		};
/* End PBXSourcesBuildPhase section */

/* Begin XCBuildConfiguration section */
		E678A81F2D5AA645001075CE /* Debug */ = {
			isa = XCBuildConfiguration;
			buildSettings = {
				ALWAYS_SEARCH_USER_PATHS = NO;
				ASSETCATALOG_COMPILER_GENERATE_SWIFT_ASSET_SYMBOL_EXTENSIONS = YES;
				CLANG_ANALYZER_NONNULL = YES;
				CLANG_ANALYZER_NUMBER_OBJECT_CONVERSION = YES_AGGRESSIVE;
				CLANG_CXX_LANGUAGE_STANDARD = "gnu++20";
				CLANG_ENABLE_MODULES = YES;
				CLANG_ENABLE_OBJC_ARC = YES;
				CLANG_ENABLE_OBJC_WEAK = YES;
				CLANG_WARN_BLOCK_CAPTURE_AUTORELEASING = YES;
				CLANG_WARN_BOOL_CONVERSION = YES;
				CLANG_WARN_COMMA = YES;
				CLANG_WARN_CONSTANT_CONVERSION = YES;
				CLANG_WARN_DEPRECATED_OBJC_IMPLEMENTATIONS = YES;
				CLANG_WARN_DIRECT_OBJC_ISA_USAGE = YES_ERROR;
				CLANG_WARN_DOCUMENTATION_COMMENTS = YES;
				CLANG_WARN_EMPTY_BODY = YES;
				CLANG_WARN_ENUM_CONVERSION = YES;
				CLANG_WARN_INFINITE_RECURSION = YES;
				CLANG_WARN_INT_CONVERSION = YES;
				CLANG_WARN_NON_LITERAL_NULL_CONVERSION = YES;
				CLANG_WARN_OBJC_IMPLICIT_RETAIN_SELF = YES;
				CLANG_WARN_OBJC_LITERAL_CONVERSION = YES;
				CLANG_WARN_OBJC_ROOT_CLASS = YES_ERROR;
				CLANG_WARN_QUOTED_INCLUDE_IN_FRAMEWORK_HEADER = YES;
				CLANG_WARN_RANGE_LOOP_ANALYSIS = YES;
				CLANG_WARN_STRICT_PROTOTYPES = YES;
				CLANG_WARN_SUSPICIOUS_MOVE = YES;
				CLANG_WARN_UNGUARDED_AVAILABILITY = YES_AGGRESSIVE;
				CLANG_WARN_UNREACHABLE_CODE = YES;
				CLANG_WARN__DUPLICATE_METHOD_MATCH = YES;
				COPY_PHASE_STRIP = NO;
				DEBUG_INFORMATION_FORMAT = dwarf;
				ENABLE_STRICT_OBJC_MSGSEND = YES;
				ENABLE_TESTABILITY = YES;
				ENABLE_USER_SCRIPT_SANDBOXING = YES;
				GCC_C_LANGUAGE_STANDARD = gnu17;
				GCC_DYNAMIC_NO_PIC = NO;
				GCC_NO_COMMON_BLOCKS = YES;
				GCC_OPTIMIZATION_LEVEL = 0;
				GCC_PREPROCESSOR_DEFINITIONS = (
					"DEBUG=1",
					"$(inherited)",
				);
				GCC_WARN_64_TO_32_BIT_CONVERSION = YES;
				GCC_WARN_ABOUT_RETURN_TYPE = YES_ERROR;
				GCC_WARN_UNDECLARED_SELECTOR = YES;
				GCC_WARN_UNINITIALIZED_AUTOS = YES_AGGRESSIVE;
				GCC_WARN_UNUSED_FUNCTION = YES;
				GCC_WARN_UNUSED_VARIABLE = YES;
				IPHONEOS_DEPLOYMENT_TARGET = 18.1;
				LOCALIZATION_PREFERS_STRING_CATALOGS = YES;
				MTL_ENABLE_DEBUG_INFO = INCLUDE_SOURCE;
				MTL_FAST_MATH = YES;
				ONLY_ACTIVE_ARCH = YES;
				SDKROOT = iphoneos;
				SWIFT_ACTIVE_COMPILATION_CONDITIONS = "DEBUG $(inherited)";
				SWIFT_OPTIMIZATION_LEVEL = "-Onone";
			};
			name = Debug;
		};
		E678A8202D5AA645001075CE /* Release */ = {
			isa = XCBuildConfiguration;
			buildSettings = {
				ALWAYS_SEARCH_USER_PATHS = NO;
				ASSETCATALOG_COMPILER_GENERATE_SWIFT_ASSET_SYMBOL_EXTENSIONS = YES;
				CLANG_ANALYZER_NONNULL = YES;
				CLANG_ANALYZER_NUMBER_OBJECT_CONVERSION = YES_AGGRESSIVE;
				CLANG_CXX_LANGUAGE_STANDARD = "gnu++20";
				CLANG_ENABLE_MODULES = YES;
				CLANG_ENABLE_OBJC_ARC = YES;
				CLANG_ENABLE_OBJC_WEAK = YES;
				CLANG_WARN_BLOCK_CAPTURE_AUTORELEASING = YES;
				CLANG_WARN_BOOL_CONVERSION = YES;
				CLANG_WARN_COMMA = YES;
				CLANG_WARN_CONSTANT_CONVERSION = YES;
				CLANG_WARN_DEPRECATED_OBJC_IMPLEMENTATIONS = YES;
				CLANG_WARN_DIRECT_OBJC_ISA_USAGE = YES_ERROR;
				CLANG_WARN_DOCUMENTATION_COMMENTS = YES;
				CLANG_WARN_EMPTY_BODY = YES;
				CLANG_WARN_ENUM_CONVERSION = YES;
				CLANG_WARN_INFINITE_RECURSION = YES;
				CLANG_WARN_INT_CONVERSION = YES;
				CLANG_WARN_NON_LITERAL_NULL_CONVERSION = YES;
				CLANG_WARN_OBJC_IMPLICIT_RETAIN_SELF = YES;
				CLANG_WARN_OBJC_LITERAL_CONVERSION = YES;
				CLANG_WARN_OBJC_ROOT_CLASS = YES_ERROR;
				CLANG_WARN_QUOTED_INCLUDE_IN_FRAMEWORK_HEADER = YES;
				CLANG_WARN_RANGE_LOOP_ANALYSIS = YES;
				CLANG_WARN_STRICT_PROTOTYPES = YES;
				CLANG_WARN_SUSPICIOUS_MOVE = YES;
				CLANG_WARN_UNGUARDED_AVAILABILITY = YES_AGGRESSIVE;
				CLANG_WARN_UNREACHABLE_CODE = YES;
				CLANG_WARN__DUPLICATE_METHOD_MATCH = YES;
				COPY_PHASE_STRIP = NO;
				DEBUG_INFORMATION_FORMAT = "dwarf-with-dsym";
				ENABLE_NS_ASSERTIONS = NO;
				ENABLE_STRICT_OBJC_MSGSEND = YES;
				ENABLE_USER_SCRIPT_SANDBOXING = YES;
				GCC_C_LANGUAGE_STANDARD = gnu17;
				GCC_NO_COMMON_BLOCKS = YES;
				GCC_WARN_64_TO_32_BIT_CONVERSION = YES;
				GCC_WARN_ABOUT_RETURN_TYPE = YES_ERROR;
				GCC_WARN_UNDECLARED_SELECTOR = YES;
				GCC_WARN_UNINITIALIZED_AUTOS = YES_AGGRESSIVE;
				GCC_WARN_UNUSED_FUNCTION = YES;
				GCC_WARN_UNUSED_VARIABLE = YES;
				IPHONEOS_DEPLOYMENT_TARGET = 18.1;
				LOCALIZATION_PREFERS_STRING_CATALOGS = YES;
				MTL_ENABLE_DEBUG_INFO = NO;
				MTL_FAST_MATH = YES;
				SDKROOT = iphoneos;
				SWIFT_COMPILATION_MODE = wholemodule;
				VALIDATE_PRODUCT = YES;
			};
			name = Release;
		};
		E678A8222D5AA645001075CE /* Debug */ = {
			isa = XCBuildConfiguration;
			buildSettings = {
				ASSETCATALOG_COMPILER_APPICON_NAME = AppIcon;
				ASSETCATALOG_COMPILER_GLOBAL_ACCENT_COLOR_NAME = AccentColor;
				CODE_SIGN_ENTITLEMENTS = RoommateFinder/RoommateFinder.entitlements;
				CODE_SIGN_STYLE = Automatic;
				CURRENT_PROJECT_VERSION = 1;
				DEVELOPMENT_ASSET_PATHS = "\"RoommateFinder/Preview Content\"";
				DEVELOPMENT_TEAM = 3HCML9QK3J;
				ENABLE_PREVIEWS = YES;
				GENERATE_INFOPLIST_FILE = YES;
				INFOPLIST_FILE = RoommateFinder/Info.plist;
				INFOPLIST_KEY_NSFaceIDUsageDescription = "Sign in with Apple requires Face ID authentication.";
				INFOPLIST_KEY_UIApplicationSceneManifest_Generation = YES;
				INFOPLIST_KEY_UIApplicationSupportsIndirectInputEvents = YES;
				INFOPLIST_KEY_UILaunchScreen_Generation = YES;
				INFOPLIST_KEY_UISupportedInterfaceOrientations_iPad = "UIInterfaceOrientationPortrait UIInterfaceOrientationPortraitUpsideDown UIInterfaceOrientationLandscapeLeft UIInterfaceOrientationLandscapeRight";
				INFOPLIST_KEY_UISupportedInterfaceOrientations_iPhone = "UIInterfaceOrientationPortrait UIInterfaceOrientationLandscapeLeft UIInterfaceOrientationLandscapeRight";
				LD_RUNPATH_SEARCH_PATHS = (
					"$(inherited)",
					"@executable_path/Frameworks",
				);
				MARKETING_VERSION = 1.0;
				PRODUCT_BUNDLE_IDENTIFIER = com.loki.RoommateFinder;
				PRODUCT_NAME = "$(TARGET_NAME)";
				SWIFT_EMIT_LOC_STRINGS = YES;
				SWIFT_VERSION = 5.0;
				TARGETED_DEVICE_FAMILY = "1,2";
			};
			name = Debug;
		};
		E678A8232D5AA645001075CE /* Release */ = {
			isa = XCBuildConfiguration;
			buildSettings = {
				ASSETCATALOG_COMPILER_APPICON_NAME = AppIcon;
				ASSETCATALOG_COMPILER_GLOBAL_ACCENT_COLOR_NAME = AccentColor;
				CODE_SIGN_ENTITLEMENTS = RoommateFinder/RoommateFinder.entitlements;
				CODE_SIGN_STYLE = Automatic;
				CURRENT_PROJECT_VERSION = 1;
				DEVELOPMENT_ASSET_PATHS = "\"RoommateFinder/Preview Content\"";
				DEVELOPMENT_TEAM = 3HCML9QK3J;
				ENABLE_PREVIEWS = YES;
				GENERATE_INFOPLIST_FILE = YES;
				INFOPLIST_FILE = RoommateFinder/Info.plist;
				INFOPLIST_KEY_NSFaceIDUsageDescription = "Sign in with Apple requires Face ID authentication.";
				INFOPLIST_KEY_UIApplicationSceneManifest_Generation = YES;
				INFOPLIST_KEY_UIApplicationSupportsIndirectInputEvents = YES;
				INFOPLIST_KEY_UILaunchScreen_Generation = YES;
				INFOPLIST_KEY_UISupportedInterfaceOrientations_iPad = "UIInterfaceOrientationPortrait UIInterfaceOrientationPortraitUpsideDown UIInterfaceOrientationLandscapeLeft UIInterfaceOrientationLandscapeRight";
				INFOPLIST_KEY_UISupportedInterfaceOrientations_iPhone = "UIInterfaceOrientationPortrait UIInterfaceOrientationLandscapeLeft UIInterfaceOrientationLandscapeRight";
				LD_RUNPATH_SEARCH_PATHS = (
					"$(inherited)",
					"@executable_path/Frameworks",
				);
				MARKETING_VERSION = 1.0;
				PRODUCT_BUNDLE_IDENTIFIER = com.loki.RoommateFinder;
				PRODUCT_NAME = "$(TARGET_NAME)";
				SWIFT_EMIT_LOC_STRINGS = YES;
				SWIFT_VERSION = 5.0;
				TARGETED_DEVICE_FAMILY = "1,2";
			};
			name = Release;
		};
/* End XCBuildConfiguration section */

/* Begin XCConfigurationList section */
		E678A8092D5AA644001075CE /* Build configuration list for PBXProject "RoommateFinder" */ = {
			isa = XCConfigurationList;
			buildConfigurations = (
				E678A81F2D5AA645001075CE /* Debug */,
				E678A8202D5AA645001075CE /* Release */,
			);
			defaultConfigurationIsVisible = 0;
			defaultConfigurationName = Release;
		};
		E678A8212D5AA645001075CE /* Build configuration list for PBXNativeTarget "RoommateFinder" */ = {
			isa = XCConfigurationList;
			buildConfigurations = (
				E678A8222D5AA645001075CE /* Debug */,
				E678A8232D5AA645001075CE /* Release */,
			);
			defaultConfigurationIsVisible = 0;
			defaultConfigurationName = Release;
		};
/* End XCConfigurationList section */

/* Begin XCRemoteSwiftPackageReference section */
		E663BDB52D5AD6E80030617C /* XCRemoteSwiftPackageReference "firebase-ios-sdk" */ = {
			isa = XCRemoteSwiftPackageReference;
			repositoryURL = "https://github.com/firebase/firebase-ios-sdk.git";
			requirement = {
				kind = upToNextMajorVersion;
				minimumVersion = 11.8.1;
			};
		};
		E663BDCB2D5AF21B0030617C /* XCRemoteSwiftPackageReference "GoogleSignIn-iOS" */ = {
			isa = XCRemoteSwiftPackageReference;
			repositoryURL = "https://github.com/google/GoogleSignIn-iOS";
			requirement = {
				kind = upToNextMajorVersion;
				minimumVersion = 8.0.0;
			};
		};
/* End XCRemoteSwiftPackageReference section */

/* Begin XCSwiftPackageProductDependency section */
		E663BDB62D5AD6E80030617C /* FirebaseAnalytics */ = {
			isa = XCSwiftPackageProductDependency;
			package = E663BDB52D5AD6E80030617C /* XCRemoteSwiftPackageReference "firebase-ios-sdk" */;
			productName = FirebaseAnalytics;
		};
		E663BDB82D5AD6E80030617C /* FirebaseAuth */ = {
			isa = XCSwiftPackageProductDependency;
			package = E663BDB52D5AD6E80030617C /* XCRemoteSwiftPackageReference "firebase-ios-sdk" */;
			productName = FirebaseAuth;
		};
		E663BDBA2D5AD6E80030617C /* FirebaseCrashlytics */ = {
			isa = XCSwiftPackageProductDependency;
			package = E663BDB52D5AD6E80030617C /* XCRemoteSwiftPackageReference "firebase-ios-sdk" */;
			productName = FirebaseCrashlytics;
		};
		E663BDBC2D5AD6E80030617C /* FirebaseFirestore */ = {
			isa = XCSwiftPackageProductDependency;
			package = E663BDB52D5AD6E80030617C /* XCRemoteSwiftPackageReference "firebase-ios-sdk" */;
			productName = FirebaseFirestore;
		};
		E663BDBE2D5AD6E80030617C /* FirebaseStorage */ = {
			isa = XCSwiftPackageProductDependency;
			package = E663BDB52D5AD6E80030617C /* XCRemoteSwiftPackageReference "firebase-ios-sdk" */;
			productName = FirebaseStorage;
		};
		E663BDCC2D5AF21B0030617C /* GoogleSignIn */ = {
			isa = XCSwiftPackageProductDependency;
			package = E663BDCB2D5AF21B0030617C /* XCRemoteSwiftPackageReference "GoogleSignIn-iOS" */;
			productName = GoogleSignIn;
		};
		E663BDCE2D5AF21B0030617C /* GoogleSignInSwift */ = {
			isa = XCSwiftPackageProductDependency;
			package = E663BDCB2D5AF21B0030617C /* XCRemoteSwiftPackageReference "GoogleSignIn-iOS" */;
			productName = GoogleSignInSwift;
		};
/* End XCSwiftPackageProductDependency section */
	};
	rootObject = E678A8062D5AA644001075CE /* Project object */;
}
